
Microsoft Visual Studio Solution File, Format Version 12.00
# Visual Studio Version 16
VisualStudioVersion = 16.0.30621.155
MinimumVisualStudioVersion = 10.0.40219.1
Project("{FAE04EC0-301F-11D3-BF4B-00C04F79EFBC}") = "LINQ.Console", "LINQ\LINQ.Console.csproj", "{3A24CBBB-855B-4F9C-A7EB-2AE8C4B1020D}"
EndProject
Project("{FAE04EC0-301F-11D3-BF4B-00C04F79EFBC}") = "EreditarietàMultipla", "Ereditarietà\EreditarietàMultipla.csproj", "{BE969262-D755-4CCA-B2AD-DF1117B6B390}"
EndProject
Project("{FAE04EC0-301F-11D3-BF4B-00C04F79EFBC}") = "LINQ_toObject", "LINQ_toObject\LINQ_toObject.csproj", "{2902946F-856A-4C63-929D-ACDF39C06BA8}"
EndProject
Global
	GlobalSection(SolutionConfigurationPlatforms) = preSolution
		Debug|Any CPU = Debug|Any CPU
		Release|Any CPU = Release|Any CPU
	EndGlobalSection
	GlobalSection(ProjectConfigurationPlatforms) = postSolution
		{3A24CBBB-855B-4F9C-A7EB-2AE8C4B1020D}.Debug|Any CPU.ActiveCfg = Debug|Any CPU
		{3A24CBBB-855B-4F9C-A7EB-2AE8C4B1020D}.Debug|Any CPU.Build.0 = Debug|Any CPU
		{3A24CBBB-855B-4F9C-A7EB-2AE8C4B1020D}.Release|Any CPU.ActiveCfg = Release|Any CPU
		{3A24CBBB-855B-4F9C-A7EB-2AE8C4B1020D}.Release|Any CPU.Build.0 = Release|Any CPU
		{BE969262-D755-4CCA-B2AD-DF1117B6B390}.Debug|Any CPU.ActiveCfg = Debug|Any CPU
		{BE969262-D755-4CCA-B2AD-DF1117B6B390}.Debug|Any CPU.Build.0 = Debug|Any CPU
		{BE969262-D755-4CCA-B2AD-DF1117B6B390}.Release|Any CPU.ActiveCfg = Release|Any CPU
		{BE969262-D755-4CCA-B2AD-DF1117B6B390}.Release|Any CPU.Build.0 = Release|Any CPU
		{2902946F-856A-4C63-929D-ACDF39C06BA8}.Debug|Any CPU.ActiveCfg = Debug|Any CPU
		{2902946F-856A-4C63-929D-ACDF39C06BA8}.Debug|Any CPU.Build.0 = Debug|Any CPU
		{2902946F-856A-4C63-929D-ACDF39C06BA8}.Release|Any CPU.ActiveCfg = Release|Any CPU
		{2902946F-856A-4C63-929D-ACDF39C06BA8}.Release|Any CPU.Build.0 = Release|Any CPU
	EndGlobalSection
	GlobalSection(SolutionProperties) = preSolution
		HideSolutionNode = FALSE
	EndGlobalSection
	GlobalSection(ExtensibilityGlobals) = postSolution
		SolutionGuid = {E255E45C-5DD4-4B18-A9BB-14325EB51FFF}
	EndGlobalSection
EndGlobal
